
Microsoft Visual Studio Solution File, Format Version 12.00
# Visual Studio 2012
Project("{FAE04EC0-301F-11D3-BF4B-00C04F79EFBC}") = "01.NumN", "01.NumN\01.NumN.csproj", "{8BD9F659-6BAF-4486-B709-4C5619BC2CB2}"
EndProject
Project("{FAE04EC0-301F-11D3-BF4B-00C04F79EFBC}") = "02.Divisible3n7", "02.Divisible3n7\02.Divisible3n7.csproj", "{CF421AE2-72B5-4E94-AF72-623A6FFE1125}"
EndProject
Project("{FAE04EC0-301F-11D3-BF4B-00C04F79EFBC}") = "03.MinMaxAvSum", "03.MinMaxAvSum\03.MinMaxAvSum.csproj", "{0CFB4E07-E417-4611-9866-8CFA0562F48D}"
EndProject
Project("{FAE04EC0-301F-11D3-BF4B-00C04F79EFBC}") = "04.Cards52", "04.Cards52\04.Cards52.csproj", "{2C36CC13-2A99-45BC-970B-498D7E2673FA}"
EndProject
Project("{FAE04EC0-301F-11D3-BF4B-00C04F79EFBC}") = "05.CalcFoverSqr", "05.CalcFoverSqr\05.CalcFoverSqr.csproj", "{861305ED-FE2A-450D-A9D3-907727E02BF8}"
EndProject
Project("{FAE04EC0-301F-11D3-BF4B-00C04F79EFBC}") = "test", "test\test.csproj", "{6542D592-29A2-4A36-9F36-71442323D5F1}"
EndProject
Project("{FAE04EC0-301F-11D3-BF4B-00C04F79EFBC}") = "06.CalcFoveF", "06.CalcFoveF\06.CalcFoveF.csproj", "{F2D5E5B2-201B-47D1-BC14-941793DCB5DF}"
EndProject
Project("{FAE04EC0-301F-11D3-BF4B-00C04F79EFBC}") = "07. withdraw", "07. withdraw\07. withdraw.csproj", "{CC9040E0-B9E3-4629-B47F-60695E49509E}"
EndProject
Project("{FAE04EC0-301F-11D3-BF4B-00C04F79EFBC}") = "08. Catalan", "08. Catalan\08. Catalan.csproj", "{4BE1F204-FBA9-43A3-95B2-ECE33AF70C19}"
EndProject
Project("{FAE04EC0-301F-11D3-BF4B-00C04F79EFBC}") = "09.Ma3x", "09.Ma3x\09.Ma3x.csproj", "{2E6B5415-69D1-4A16-9F53-B2557DA3BA38}"
EndProject
Project("{FAE04EC0-301F-11D3-BF4B-00C04F79EFBC}") = "10.GCD", "10.GCD\10.GCD.csproj", "{ED21A274-15BC-4746-9E06-4386948CD683}"
EndProject
Project("{FAE04EC0-301F-11D3-BF4B-00C04F79EFBC}") = "11.Zeros", "11.Zeros\11.Zeros.csproj", "{F25974E4-2E5E-4E96-8583-7F144FEFE583}"
EndProject
Project("{FAE04EC0-301F-11D3-BF4B-00C04F79EFBC}") = "12.Spiral", "12.Spiral\12.Spiral.csproj", "{5B6AA347-5A25-4E8C-B803-D71C31E52E8F}"
EndProject
Global
	GlobalSection(SolutionConfigurationPlatforms) = preSolution
		Debug|Any CPU = Debug|Any CPU
		Release|Any CPU = Release|Any CPU
	EndGlobalSection
	GlobalSection(ProjectConfigurationPlatforms) = postSolution
		{8BD9F659-6BAF-4486-B709-4C5619BC2CB2}.Debug|Any CPU.ActiveCfg = Debug|Any CPU
		{8BD9F659-6BAF-4486-B709-4C5619BC2CB2}.Debug|Any CPU.Build.0 = Debug|Any CPU
		{8BD9F659-6BAF-4486-B709-4C5619BC2CB2}.Release|Any CPU.ActiveCfg = Release|Any CPU
		{8BD9F659-6BAF-4486-B709-4C5619BC2CB2}.Release|Any CPU.Build.0 = Release|Any CPU
		{CF421AE2-72B5-4E94-AF72-623A6FFE1125}.Debug|Any CPU.ActiveCfg = Debug|Any CPU
		{CF421AE2-72B5-4E94-AF72-623A6FFE1125}.Debug|Any CPU.Build.0 = Debug|Any CPU
		{CF421AE2-72B5-4E94-AF72-623A6FFE1125}.Release|Any CPU.ActiveCfg = Release|Any CPU
		{CF421AE2-72B5-4E94-AF72-623A6FFE1125}.Release|Any CPU.Build.0 = Release|Any CPU
		{0CFB4E07-E417-4611-9866-8CFA0562F48D}.Debug|Any CPU.ActiveCfg = Debug|Any CPU
		{0CFB4E07-E417-4611-9866-8CFA0562F48D}.Debug|Any CPU.Build.0 = Debug|Any CPU
		{0CFB4E07-E417-4611-9866-8CFA0562F48D}.Release|Any CPU.ActiveCfg = Release|Any CPU
		{0CFB4E07-E417-4611-9866-8CFA0562F48D}.Release|Any CPU.Build.0 = Release|Any CPU
		{2C36CC13-2A99-45BC-970B-498D7E2673FA}.Debug|Any CPU.ActiveCfg = Debug|Any CPU
		{2C36CC13-2A99-45BC-970B-498D7E2673FA}.Debug|Any CPU.Build.0 = Debug|Any CPU
		{2C36CC13-2A99-45BC-970B-498D7E2673FA}.Release|Any CPU.ActiveCfg = Release|Any CPU
		{2C36CC13-2A99-45BC-970B-498D7E2673FA}.Release|Any CPU.Build.0 = Release|Any CPU
		{861305ED-FE2A-450D-A9D3-907727E02BF8}.Debug|Any CPU.ActiveCfg = Debug|Any CPU
		{861305ED-FE2A-450D-A9D3-907727E02BF8}.Debug|Any CPU.Build.0 = Debug|Any CPU
		{861305ED-FE2A-450D-A9D3-907727E02BF8}.Release|Any CPU.ActiveCfg = Release|Any CPU
		{861305ED-FE2A-450D-A9D3-907727E02BF8}.Release|Any CPU.Build.0 = Release|Any CPU
		{6542D592-29A2-4A36-9F36-71442323D5F1}.Debug|Any CPU.ActiveCfg = Debug|Any CPU
		{6542D592-29A2-4A36-9F36-71442323D5F1}.Debug|Any CPU.Build.0 = Debug|Any CPU
		{6542D592-29A2-4A36-9F36-71442323D5F1}.Release|Any CPU.ActiveCfg = Release|Any CPU
		{6542D592-29A2-4A36-9F36-71442323D5F1}.Release|Any CPU.Build.0 = Release|Any CPU
		{F2D5E5B2-201B-47D1-BC14-941793DCB5DF}.Debug|Any CPU.ActiveCfg = Debug|Any CPU
		{F2D5E5B2-201B-47D1-BC14-941793DCB5DF}.Debug|Any CPU.Build.0 = Debug|Any CPU
		{F2D5E5B2-201B-47D1-BC14-941793DCB5DF}.Release|Any CPU.ActiveCfg = Release|Any CPU
		{F2D5E5B2-201B-47D1-BC14-941793DCB5DF}.Release|Any CPU.Build.0 = Release|Any CPU
		{CC9040E0-B9E3-4629-B47F-60695E49509E}.Debug|Any CPU.ActiveCfg = Debug|Any CPU
		{CC9040E0-B9E3-4629-B47F-60695E49509E}.Debug|Any CPU.Build.0 = Debug|Any CPU
		{CC9040E0-B9E3-4629-B47F-60695E49509E}.Release|Any CPU.ActiveCfg = Release|Any CPU
		{CC9040E0-B9E3-4629-B47F-60695E49509E}.Release|Any CPU.Build.0 = Release|Any CPU
		{4BE1F204-FBA9-43A3-95B2-ECE33AF70C19}.Debug|Any CPU.ActiveCfg = Debug|Any CPU
		{4BE1F204-FBA9-43A3-95B2-ECE33AF70C19}.Debug|Any CPU.Build.0 = Debug|Any CPU
		{4BE1F204-FBA9-43A3-95B2-ECE33AF70C19}.Release|Any CPU.ActiveCfg = Release|Any CPU
		{4BE1F204-FBA9-43A3-95B2-ECE33AF70C19}.Release|Any CPU.Build.0 = Release|Any CPU
		{2E6B5415-69D1-4A16-9F53-B2557DA3BA38}.Debug|Any CPU.ActiveCfg = Debug|Any CPU
		{2E6B5415-69D1-4A16-9F53-B2557DA3BA38}.Debug|Any CPU.Build.0 = Debug|Any CPU
		{2E6B5415-69D1-4A16-9F53-B2557DA3BA38}.Release|Any CPU.ActiveCfg = Release|Any CPU
		{2E6B5415-69D1-4A16-9F53-B2557DA3BA38}.Release|Any CPU.Build.0 = Release|Any CPU
		{ED21A274-15BC-4746-9E06-4386948CD683}.Debug|Any CPU.ActiveCfg = Debug|Any CPU
		{ED21A274-15BC-4746-9E06-4386948CD683}.Debug|Any CPU.Build.0 = Debug|Any CPU
		{ED21A274-15BC-4746-9E06-4386948CD683}.Release|Any CPU.ActiveCfg = Release|Any CPU
		{ED21A274-15BC-4746-9E06-4386948CD683}.Release|Any CPU.Build.0 = Release|Any CPU
		{F25974E4-2E5E-4E96-8583-7F144FEFE583}.Debug|Any CPU.ActiveCfg = Debug|Any CPU
		{F25974E4-2E5E-4E96-8583-7F144FEFE583}.Debug|Any CPU.Build.0 = Debug|Any CPU
		{F25974E4-2E5E-4E96-8583-7F144FEFE583}.Release|Any CPU.ActiveCfg = Release|Any CPU
		{F25974E4-2E5E-4E96-8583-7F144FEFE583}.Release|Any CPU.Build.0 = Release|Any CPU
		{5B6AA347-5A25-4E8C-B803-D71C31E52E8F}.Debug|Any CPU.ActiveCfg = Debug|Any CPU
		{5B6AA347-5A25-4E8C-B803-D71C31E52E8F}.Debug|Any CPU.Build.0 = Debug|Any CPU
		{5B6AA347-5A25-4E8C-B803-D71C31E52E8F}.Release|Any CPU.ActiveCfg = Release|Any CPU
		{5B6AA347-5A25-4E8C-B803-D71C31E52E8F}.Release|Any CPU.Build.0 = Release|Any CPU
	EndGlobalSection
	GlobalSection(SolutionProperties) = preSolution
		HideSolutionNode = FALSE
	EndGlobalSection
EndGlobal
