
Microsoft Visual Studio Solution File, Format Version 12.00
# Visual Studio 2012
Project("{FAE04EC0-301F-11D3-BF4B-00C04F79EFBC}") = "Pillars", "Pillars\Pillars.csproj", "{65577772-F127-41A7-BB65-A11129EF05BF}"
EndProject
Project("{FAE04EC0-301F-11D3-BF4B-00C04F79EFBC}") = "Pillar01", "Pillar01\Pillar01.csproj", "{68555833-BCBD-4F0E-9197-6CBB6E57AE79}"
EndProject
Project("{FAE04EC0-301F-11D3-BF4B-00C04F79EFBC}") = "Lines", "Lines\Lines.csproj", "{FD2F3B3F-471F-4A37-BB75-293FC2200C86}"
EndProject
Project("{FAE04EC0-301F-11D3-BF4B-00C04F79EFBC}") = "Lines01", "Lines01\Lines01.csproj", "{77309D95-4CE2-4614-8610-81F8226979D9}"
EndProject
Project("{FAE04EC0-301F-11D3-BF4B-00C04F79EFBC}") = "Lines02", "Lines02\Lines02.csproj", "{D1B85FBF-6654-48E9-944C-EBB858C25FCB}"
EndProject
Project("{FAE04EC0-301F-11D3-BF4B-00C04F79EFBC}") = "FallDown", "FallDown\FallDown.csproj", "{A91ED2D4-6172-4964-AFE5-351EB492A8C4}"
EndProject
Project("{FAE04EC0-301F-11D3-BF4B-00C04F79EFBC}") = "FallDown01", "FallDown01\FallDown01.csproj", "{B7E7E8C3-F4C5-405F-8227-81E7CB289609}"
EndProject
Project("{FAE04EC0-301F-11D3-BF4B-00C04F79EFBC}") = "FormulaBit1", "FormulaBit1\FormulaBit1.csproj", "{59BF9E4B-E180-4486-8F56-A913725A0103}"
EndProject
Project("{FAE04EC0-301F-11D3-BF4B-00C04F79EFBC}") = "FormulaBit1v01", "FormulaBit1v01\FormulaBit1v01.csproj", "{64DEB77B-CA52-484E-B402-EE4FF7D0EC87}"
EndProject
Project("{FAE04EC0-301F-11D3-BF4B-00C04F79EFBC}") = "FormulaBit1v02", "FormulaBit1v02\FormulaBit1v02.csproj", "{CCF4FE04-81E5-47DB-B3D7-5A927C87F08B}"
EndProject
Project("{FAE04EC0-301F-11D3-BF4B-00C04F79EFBC}") = "BitBall", "BitBall\BitBall.csproj", "{A9ED7560-D16F-4367-A6AD-5CB2F962DA83}"
EndProject
Project("{FAE04EC0-301F-11D3-BF4B-00C04F79EFBC}") = "BitBall01", "BitBall01\BitBall01.csproj", "{DFEDC758-B201-4283-90C9-71F6EF17ECE0}"
EndProject
Project("{FAE04EC0-301F-11D3-BF4B-00C04F79EFBC}") = "AngryBits", "AngryBits\AngryBits.csproj", "{639B1B23-0EE9-4A40-9F75-A9C0A0A23D80}"
EndProject
Global
	GlobalSection(SolutionConfigurationPlatforms) = preSolution
		Debug|Any CPU = Debug|Any CPU
		Release|Any CPU = Release|Any CPU
	EndGlobalSection
	GlobalSection(ProjectConfigurationPlatforms) = postSolution
		{65577772-F127-41A7-BB65-A11129EF05BF}.Debug|Any CPU.ActiveCfg = Debug|Any CPU
		{65577772-F127-41A7-BB65-A11129EF05BF}.Debug|Any CPU.Build.0 = Debug|Any CPU
		{65577772-F127-41A7-BB65-A11129EF05BF}.Release|Any CPU.ActiveCfg = Release|Any CPU
		{65577772-F127-41A7-BB65-A11129EF05BF}.Release|Any CPU.Build.0 = Release|Any CPU
		{68555833-BCBD-4F0E-9197-6CBB6E57AE79}.Debug|Any CPU.ActiveCfg = Debug|Any CPU
		{68555833-BCBD-4F0E-9197-6CBB6E57AE79}.Debug|Any CPU.Build.0 = Debug|Any CPU
		{68555833-BCBD-4F0E-9197-6CBB6E57AE79}.Release|Any CPU.ActiveCfg = Release|Any CPU
		{68555833-BCBD-4F0E-9197-6CBB6E57AE79}.Release|Any CPU.Build.0 = Release|Any CPU
		{FD2F3B3F-471F-4A37-BB75-293FC2200C86}.Debug|Any CPU.ActiveCfg = Debug|Any CPU
		{FD2F3B3F-471F-4A37-BB75-293FC2200C86}.Debug|Any CPU.Build.0 = Debug|Any CPU
		{FD2F3B3F-471F-4A37-BB75-293FC2200C86}.Release|Any CPU.ActiveCfg = Release|Any CPU
		{FD2F3B3F-471F-4A37-BB75-293FC2200C86}.Release|Any CPU.Build.0 = Release|Any CPU
		{77309D95-4CE2-4614-8610-81F8226979D9}.Debug|Any CPU.ActiveCfg = Debug|Any CPU
		{77309D95-4CE2-4614-8610-81F8226979D9}.Debug|Any CPU.Build.0 = Debug|Any CPU
		{77309D95-4CE2-4614-8610-81F8226979D9}.Release|Any CPU.ActiveCfg = Release|Any CPU
		{77309D95-4CE2-4614-8610-81F8226979D9}.Release|Any CPU.Build.0 = Release|Any CPU
		{D1B85FBF-6654-48E9-944C-EBB858C25FCB}.Debug|Any CPU.ActiveCfg = Debug|Any CPU
		{D1B85FBF-6654-48E9-944C-EBB858C25FCB}.Debug|Any CPU.Build.0 = Debug|Any CPU
		{D1B85FBF-6654-48E9-944C-EBB858C25FCB}.Release|Any CPU.ActiveCfg = Release|Any CPU
		{D1B85FBF-6654-48E9-944C-EBB858C25FCB}.Release|Any CPU.Build.0 = Release|Any CPU
		{A91ED2D4-6172-4964-AFE5-351EB492A8C4}.Debug|Any CPU.ActiveCfg = Debug|Any CPU
		{A91ED2D4-6172-4964-AFE5-351EB492A8C4}.Debug|Any CPU.Build.0 = Debug|Any CPU
		{A91ED2D4-6172-4964-AFE5-351EB492A8C4}.Release|Any CPU.ActiveCfg = Release|Any CPU
		{A91ED2D4-6172-4964-AFE5-351EB492A8C4}.Release|Any CPU.Build.0 = Release|Any CPU
		{B7E7E8C3-F4C5-405F-8227-81E7CB289609}.Debug|Any CPU.ActiveCfg = Debug|Any CPU
		{B7E7E8C3-F4C5-405F-8227-81E7CB289609}.Debug|Any CPU.Build.0 = Debug|Any CPU
		{B7E7E8C3-F4C5-405F-8227-81E7CB289609}.Release|Any CPU.ActiveCfg = Release|Any CPU
		{B7E7E8C3-F4C5-405F-8227-81E7CB289609}.Release|Any CPU.Build.0 = Release|Any CPU
		{59BF9E4B-E180-4486-8F56-A913725A0103}.Debug|Any CPU.ActiveCfg = Debug|Any CPU
		{59BF9E4B-E180-4486-8F56-A913725A0103}.Debug|Any CPU.Build.0 = Debug|Any CPU
		{59BF9E4B-E180-4486-8F56-A913725A0103}.Release|Any CPU.ActiveCfg = Release|Any CPU
		{59BF9E4B-E180-4486-8F56-A913725A0103}.Release|Any CPU.Build.0 = Release|Any CPU
		{64DEB77B-CA52-484E-B402-EE4FF7D0EC87}.Debug|Any CPU.ActiveCfg = Debug|Any CPU
		{64DEB77B-CA52-484E-B402-EE4FF7D0EC87}.Debug|Any CPU.Build.0 = Debug|Any CPU
		{64DEB77B-CA52-484E-B402-EE4FF7D0EC87}.Release|Any CPU.ActiveCfg = Release|Any CPU
		{64DEB77B-CA52-484E-B402-EE4FF7D0EC87}.Release|Any CPU.Build.0 = Release|Any CPU
		{CCF4FE04-81E5-47DB-B3D7-5A927C87F08B}.Debug|Any CPU.ActiveCfg = Debug|Any CPU
		{CCF4FE04-81E5-47DB-B3D7-5A927C87F08B}.Debug|Any CPU.Build.0 = Debug|Any CPU
		{CCF4FE04-81E5-47DB-B3D7-5A927C87F08B}.Release|Any CPU.ActiveCfg = Release|Any CPU
		{CCF4FE04-81E5-47DB-B3D7-5A927C87F08B}.Release|Any CPU.Build.0 = Release|Any CPU
		{A9ED7560-D16F-4367-A6AD-5CB2F962DA83}.Debug|Any CPU.ActiveCfg = Debug|Any CPU
		{A9ED7560-D16F-4367-A6AD-5CB2F962DA83}.Debug|Any CPU.Build.0 = Debug|Any CPU
		{A9ED7560-D16F-4367-A6AD-5CB2F962DA83}.Release|Any CPU.ActiveCfg = Release|Any CPU
		{A9ED7560-D16F-4367-A6AD-5CB2F962DA83}.Release|Any CPU.Build.0 = Release|Any CPU
		{DFEDC758-B201-4283-90C9-71F6EF17ECE0}.Debug|Any CPU.ActiveCfg = Debug|Any CPU
		{DFEDC758-B201-4283-90C9-71F6EF17ECE0}.Debug|Any CPU.Build.0 = Debug|Any CPU
		{DFEDC758-B201-4283-90C9-71F6EF17ECE0}.Release|Any CPU.ActiveCfg = Release|Any CPU
		{DFEDC758-B201-4283-90C9-71F6EF17ECE0}.Release|Any CPU.Build.0 = Release|Any CPU
		{639B1B23-0EE9-4A40-9F75-A9C0A0A23D80}.Debug|Any CPU.ActiveCfg = Debug|Any CPU
		{639B1B23-0EE9-4A40-9F75-A9C0A0A23D80}.Debug|Any CPU.Build.0 = Debug|Any CPU
		{639B1B23-0EE9-4A40-9F75-A9C0A0A23D80}.Release|Any CPU.ActiveCfg = Release|Any CPU
		{639B1B23-0EE9-4A40-9F75-A9C0A0A23D80}.Release|Any CPU.Build.0 = Release|Any CPU
	EndGlobalSection
	GlobalSection(SolutionProperties) = preSolution
		HideSolutionNode = FALSE
	EndGlobalSection
EndGlobal
