
Microsoft Visual Studio Solution File, Format Version 12.00
# Visual Studio 2012
Project("{FAE04EC0-301F-11D3-BF4B-00C04F79EFBC}") = "01.Cartesian Coordinate System", "practice3\01.Cartesian Coordinate System.csproj", "{8BD9F659-6BAF-4486-B709-4C5619BC2CB2}"
EndProject
Project("{FAE04EC0-301F-11D3-BF4B-00C04F79EFBC}") = "02. MissCat", "02. MissCat\02. MissCat.csproj", "{C3D2A279-8095-48D3-ABA3-5D6D50BAA74A}"
EndProject
Project("{FAE04EC0-301F-11D3-BF4B-00C04F79EFBC}") = "02. MissCatsARRAY", "02. MissCatsARRAY\02. MissCatsARRAY.csproj", "{71D615A3-49A3-4035-8F5B-80B261535BA5}"
EndProject
Project("{FAE04EC0-301F-11D3-BF4B-00C04F79EFBC}") = "03.Forest Road", "03.Forest Road\03.Forest Road.csproj", "{A83494DA-B177-4606-9F30-6B2C7960E0AF}"
EndProject
Project("{FAE04EC0-301F-11D3-BF4B-00C04F79EFBC}") = "04. STRING Binary Digits Count", "04. Binary Digits Count\04. STRING Binary Digits Count.csproj", "{40ABAA64-AF99-4BC4-83D6-F9FB8F11D2F0}"
EndProject
Project("{FAE04EC0-301F-11D3-BF4B-00C04F79EFBC}") = "04. MASK BinaryCount", "04. MASK BinaryCount\04. MASK BinaryCount.csproj", "{46A967B3-2140-449F-93DE-3D11F0F5DF51}"
EndProject
Project("{FAE04EC0-301F-11D3-BF4B-00C04F79EFBC}") = "05.SubsetSum", "test2\05.SubsetSum.csproj", "{E512D53D-71B8-4CFD-AD69-264FA1459330}"
EndProject
Project("{FAE04EC0-301F-11D3-BF4B-00C04F79EFBC}") = "03ForestRoadFOR", "clear rowl1\03ForestRoadFOR.csproj", "{85A1268C-FA11-486B-BB35-3487BFADA618}"
EndProject
Project("{FAE04EC0-301F-11D3-BF4B-00C04F79EFBC}") = "04. binaryAuthors", "04. binaryAuthors\04. binaryAuthors.csproj", "{F132829E-E987-4A57-8BC5-284D6B7BE408}"
EndProject
Project("{FAE04EC0-301F-11D3-BF4B-00C04F79EFBC}") = "06.Fires", "clear rowl2\06.Fires.csproj", "{C480F865-C53F-460A-A33F-EF55E0D8A7F5}"
EndProject
Project("{FAE04EC0-301F-11D3-BF4B-00C04F79EFBC}") = "07.tribonacciTriangle90", "07.tribonacci\07.tribonacciTriangle90.csproj", "{D002C92E-454D-4B84-9685-4BF54F088A14}"
EndProject
Project("{FAE04EC0-301F-11D3-BF4B-00C04F79EFBC}") = "08.Quadronachi", "08.Quadronachi\08.Quadronachi.csproj", "{6CB2158E-47FA-4DF6-881E-BA7C0A73439F}"
EndProject
Project("{FAE04EC0-301F-11D3-BF4B-00C04F79EFBC}") = "09.AstrologicalDigit", "09.AstrologicalDigit\09.AstrologicalDigit.csproj", "{917A3C0D-6885-4310-8E0D-BF4B60EA5618}"
EndProject
Project("{FAE04EC0-301F-11D3-BF4B-00C04F79EFBC}") = "10.Anachi", "10.Anachi\10.Anachi.csproj", "{3C47A337-9DC8-442A-85D7-FE68DF1F2543}"
EndProject
Project("{FAE04EC0-301F-11D3-BF4B-00C04F79EFBC}") = "11.Carpets", "11.Carpets\11.Carpets.csproj", "{63FE6489-E884-4770-80F7-0EF3B69CDBA2}"
EndProject
Project("{FAE04EC0-301F-11D3-BF4B-00C04F79EFBC}") = "12.FirTreeMe", "12.FirTree\12.FirTreeMe.csproj", "{0FE44ED3-234E-4FA5-BA8D-6F89D8CAE706}"
EndProject
Project("{FAE04EC0-301F-11D3-BF4B-00C04F79EFBC}") = "12.Treee", "12.Treee\12.Treee.csproj", "{1E71AE6E-AF56-4B9A-835F-813095160C7D}"
EndProject
Project("{FAE04EC0-301F-11D3-BF4B-00C04F79EFBC}") = "13.TelerikLogo", "clear rowl3\13.TelerikLogo.csproj", "{02E20EA8-882E-41C9-938A-587F3C0F19AE}"
EndProject
Project("{FAE04EC0-301F-11D3-BF4B-00C04F79EFBC}") = "14.SpiralArr", "14.SpiralArr\14.SpiralArr.csproj", "{24BA6FC4-A99A-4F1D-939B-814AEA122672}"
EndProject
Project("{FAE04EC0-301F-11D3-BF4B-00C04F79EFBC}") = "15.UKflag", "15.UKflag\15.UKflag.csproj", "{4FC222E1-DE85-407C-B01B-4C8F007BB4C5}"
EndProject
Project("{FAE04EC0-301F-11D3-BF4B-00C04F79EFBC}") = "16. AngryBits", "16. AngryBits\16. AngryBits.csproj", "{A14FB7BA-8DBC-45DE-B84F-00C9D9437389}"
EndProject
Project("{FAE04EC0-301F-11D3-BF4B-00C04F79EFBC}") = "testis", "testis\testis.csproj", "{CCF6A7F9-6039-448B-9C52-CDE6E2A9B6D6}"
EndProject
Project("{FAE04EC0-301F-11D3-BF4B-00C04F79EFBC}") = "17.BitBall", "17.BitBall\17.BitBall.csproj", "{47935EE0-CB13-40FC-BD88-C9F3B634EDE1}"
EndProject
Project("{FAE04EC0-301F-11D3-BF4B-00C04F79EFBC}") = "20.Pillars", "clear rowl4\20.Pillars.csproj", "{E76F0C51-ECEF-4C11-A076-51AD873DB8F9}"
EndProject
Project("{FAE04EC0-301F-11D3-BF4B-00C04F79EFBC}") = "18.FormulaBit", "18.FormulaBit\18.FormulaBit.csproj", "{ED4370E8-4DE7-4BB1-B679-228620F28697}"
EndProject
Project("{FAE04EC0-301F-11D3-BF4B-00C04F79EFBC}") = "19.Lines", "19.Lines\19.Lines.csproj", "{5753F11E-FFF1-4171-86A8-9505CA8930F7}"
EndProject
Project("{FAE04EC0-301F-11D3-BF4B-00C04F79EFBC}") = "21.DancingBits", "21.DancingBits\21.DancingBits.csproj", "{D9FD3AEF-57CE-40B9-9C6A-6EC5B13A89DA}"
EndProject
Project("{FAE04EC0-301F-11D3-BF4B-00C04F79EFBC}") = "22.SheetsBits", "21.Sheets\22.SheetsBits.csproj", "{2F5BF40F-F6FD-403F-9373-1981EF7AB633}"
EndProject
Project("{FAE04EC0-301F-11D3-BF4B-00C04F79EFBC}") = "22.SheetsArr", "21.Sheets2\22.SheetsArr.csproj", "{151AE3E0-9C86-491E-8057-E0E3F123A7EB}"
EndProject
Project("{FAE04EC0-301F-11D3-BF4B-00C04F79EFBC}") = "23.OddNumber", "23.OddNumber\23.OddNumber.csproj", "{EB95F9A1-0773-4AEA-8005-813961A0481E}"
EndProject
Project("{FAE04EC0-301F-11D3-BF4B-00C04F79EFBC}") = "24.WeAllLoveBits", "24.WeAllLoveBits\24.WeAllLoveBits.csproj", "{48CEB835-B509-4500-8BB1-36E39DD26DBF}"
EndProject
Project("{FAE04EC0-301F-11D3-BF4B-00C04F79EFBC}") = "25.Garden", "25.Garden\25.Garden.csproj", "{C9B19421-8C22-4A27-8760-73F9237299A4}"
EndProject
Project("{FAE04EC0-301F-11D3-BF4B-00C04F79EFBC}") = "26.BullAndCows", "26.BullAndCows\26.BullAndCows.csproj", "{2628D639-C066-4D9F-B8A6-F5B82AE1BEE0}"
EndProject
Project("{FAE04EC0-301F-11D3-BF4B-00C04F79EFBC}") = "27.Neurons", "27.Neurons\27.Neurons.csproj", "{B61162CD-0FB3-42C3-BA66-74110DA1AB29}"
EndProject
Project("{FAE04EC0-301F-11D3-BF4B-00C04F79EFBC}") = "28.CardWars", "28.CardWars\28.CardWars.csproj", "{8F0DFABF-B95E-4BD0-8A53-712A0FCC803D}"
EndProject
Project("{FAE04EC0-301F-11D3-BF4B-00C04F79EFBC}") = "29.bittris", "29.bittris\29.bittris.csproj", "{0D69F416-3985-4B91-9F56-D87CE15A502B}"
EndProject
Global
	GlobalSection(SolutionConfigurationPlatforms) = preSolution
		Debug|Any CPU = Debug|Any CPU
		Release|Any CPU = Release|Any CPU
	EndGlobalSection
	GlobalSection(ProjectConfigurationPlatforms) = postSolution
		{8BD9F659-6BAF-4486-B709-4C5619BC2CB2}.Debug|Any CPU.ActiveCfg = Debug|Any CPU
		{8BD9F659-6BAF-4486-B709-4C5619BC2CB2}.Debug|Any CPU.Build.0 = Debug|Any CPU
		{8BD9F659-6BAF-4486-B709-4C5619BC2CB2}.Release|Any CPU.ActiveCfg = Release|Any CPU
		{8BD9F659-6BAF-4486-B709-4C5619BC2CB2}.Release|Any CPU.Build.0 = Release|Any CPU
		{C3D2A279-8095-48D3-ABA3-5D6D50BAA74A}.Debug|Any CPU.ActiveCfg = Debug|Any CPU
		{C3D2A279-8095-48D3-ABA3-5D6D50BAA74A}.Debug|Any CPU.Build.0 = Debug|Any CPU
		{C3D2A279-8095-48D3-ABA3-5D6D50BAA74A}.Release|Any CPU.ActiveCfg = Release|Any CPU
		{C3D2A279-8095-48D3-ABA3-5D6D50BAA74A}.Release|Any CPU.Build.0 = Release|Any CPU
		{71D615A3-49A3-4035-8F5B-80B261535BA5}.Debug|Any CPU.ActiveCfg = Debug|Any CPU
		{71D615A3-49A3-4035-8F5B-80B261535BA5}.Debug|Any CPU.Build.0 = Debug|Any CPU
		{71D615A3-49A3-4035-8F5B-80B261535BA5}.Release|Any CPU.ActiveCfg = Release|Any CPU
		{71D615A3-49A3-4035-8F5B-80B261535BA5}.Release|Any CPU.Build.0 = Release|Any CPU
		{A83494DA-B177-4606-9F30-6B2C7960E0AF}.Debug|Any CPU.ActiveCfg = Debug|Any CPU
		{A83494DA-B177-4606-9F30-6B2C7960E0AF}.Debug|Any CPU.Build.0 = Debug|Any CPU
		{A83494DA-B177-4606-9F30-6B2C7960E0AF}.Release|Any CPU.ActiveCfg = Release|Any CPU
		{A83494DA-B177-4606-9F30-6B2C7960E0AF}.Release|Any CPU.Build.0 = Release|Any CPU
		{40ABAA64-AF99-4BC4-83D6-F9FB8F11D2F0}.Debug|Any CPU.ActiveCfg = Debug|Any CPU
		{40ABAA64-AF99-4BC4-83D6-F9FB8F11D2F0}.Debug|Any CPU.Build.0 = Debug|Any CPU
		{40ABAA64-AF99-4BC4-83D6-F9FB8F11D2F0}.Release|Any CPU.ActiveCfg = Release|Any CPU
		{40ABAA64-AF99-4BC4-83D6-F9FB8F11D2F0}.Release|Any CPU.Build.0 = Release|Any CPU
		{46A967B3-2140-449F-93DE-3D11F0F5DF51}.Debug|Any CPU.ActiveCfg = Debug|Any CPU
		{46A967B3-2140-449F-93DE-3D11F0F5DF51}.Debug|Any CPU.Build.0 = Debug|Any CPU
		{46A967B3-2140-449F-93DE-3D11F0F5DF51}.Release|Any CPU.ActiveCfg = Release|Any CPU
		{46A967B3-2140-449F-93DE-3D11F0F5DF51}.Release|Any CPU.Build.0 = Release|Any CPU
		{E512D53D-71B8-4CFD-AD69-264FA1459330}.Debug|Any CPU.ActiveCfg = Debug|Any CPU
		{E512D53D-71B8-4CFD-AD69-264FA1459330}.Debug|Any CPU.Build.0 = Debug|Any CPU
		{E512D53D-71B8-4CFD-AD69-264FA1459330}.Release|Any CPU.ActiveCfg = Release|Any CPU
		{E512D53D-71B8-4CFD-AD69-264FA1459330}.Release|Any CPU.Build.0 = Release|Any CPU
		{85A1268C-FA11-486B-BB35-3487BFADA618}.Debug|Any CPU.ActiveCfg = Debug|Any CPU
		{85A1268C-FA11-486B-BB35-3487BFADA618}.Debug|Any CPU.Build.0 = Debug|Any CPU
		{85A1268C-FA11-486B-BB35-3487BFADA618}.Release|Any CPU.ActiveCfg = Release|Any CPU
		{85A1268C-FA11-486B-BB35-3487BFADA618}.Release|Any CPU.Build.0 = Release|Any CPU
		{F132829E-E987-4A57-8BC5-284D6B7BE408}.Debug|Any CPU.ActiveCfg = Debug|Any CPU
		{F132829E-E987-4A57-8BC5-284D6B7BE408}.Debug|Any CPU.Build.0 = Debug|Any CPU
		{F132829E-E987-4A57-8BC5-284D6B7BE408}.Release|Any CPU.ActiveCfg = Release|Any CPU
		{F132829E-E987-4A57-8BC5-284D6B7BE408}.Release|Any CPU.Build.0 = Release|Any CPU
		{C480F865-C53F-460A-A33F-EF55E0D8A7F5}.Debug|Any CPU.ActiveCfg = Debug|Any CPU
		{C480F865-C53F-460A-A33F-EF55E0D8A7F5}.Debug|Any CPU.Build.0 = Debug|Any CPU
		{C480F865-C53F-460A-A33F-EF55E0D8A7F5}.Release|Any CPU.ActiveCfg = Release|Any CPU
		{C480F865-C53F-460A-A33F-EF55E0D8A7F5}.Release|Any CPU.Build.0 = Release|Any CPU
		{D002C92E-454D-4B84-9685-4BF54F088A14}.Debug|Any CPU.ActiveCfg = Debug|Any CPU
		{D002C92E-454D-4B84-9685-4BF54F088A14}.Debug|Any CPU.Build.0 = Debug|Any CPU
		{D002C92E-454D-4B84-9685-4BF54F088A14}.Release|Any CPU.ActiveCfg = Release|Any CPU
		{D002C92E-454D-4B84-9685-4BF54F088A14}.Release|Any CPU.Build.0 = Release|Any CPU
		{6CB2158E-47FA-4DF6-881E-BA7C0A73439F}.Debug|Any CPU.ActiveCfg = Debug|Any CPU
		{6CB2158E-47FA-4DF6-881E-BA7C0A73439F}.Debug|Any CPU.Build.0 = Debug|Any CPU
		{6CB2158E-47FA-4DF6-881E-BA7C0A73439F}.Release|Any CPU.ActiveCfg = Release|Any CPU
		{6CB2158E-47FA-4DF6-881E-BA7C0A73439F}.Release|Any CPU.Build.0 = Release|Any CPU
		{917A3C0D-6885-4310-8E0D-BF4B60EA5618}.Debug|Any CPU.ActiveCfg = Debug|Any CPU
		{917A3C0D-6885-4310-8E0D-BF4B60EA5618}.Debug|Any CPU.Build.0 = Debug|Any CPU
		{917A3C0D-6885-4310-8E0D-BF4B60EA5618}.Release|Any CPU.ActiveCfg = Release|Any CPU
		{917A3C0D-6885-4310-8E0D-BF4B60EA5618}.Release|Any CPU.Build.0 = Release|Any CPU
		{3C47A337-9DC8-442A-85D7-FE68DF1F2543}.Debug|Any CPU.ActiveCfg = Debug|Any CPU
		{3C47A337-9DC8-442A-85D7-FE68DF1F2543}.Debug|Any CPU.Build.0 = Debug|Any CPU
		{3C47A337-9DC8-442A-85D7-FE68DF1F2543}.Release|Any CPU.ActiveCfg = Release|Any CPU
		{3C47A337-9DC8-442A-85D7-FE68DF1F2543}.Release|Any CPU.Build.0 = Release|Any CPU
		{63FE6489-E884-4770-80F7-0EF3B69CDBA2}.Debug|Any CPU.ActiveCfg = Debug|Any CPU
		{63FE6489-E884-4770-80F7-0EF3B69CDBA2}.Debug|Any CPU.Build.0 = Debug|Any CPU
		{63FE6489-E884-4770-80F7-0EF3B69CDBA2}.Release|Any CPU.ActiveCfg = Release|Any CPU
		{63FE6489-E884-4770-80F7-0EF3B69CDBA2}.Release|Any CPU.Build.0 = Release|Any CPU
		{0FE44ED3-234E-4FA5-BA8D-6F89D8CAE706}.Debug|Any CPU.ActiveCfg = Debug|Any CPU
		{0FE44ED3-234E-4FA5-BA8D-6F89D8CAE706}.Debug|Any CPU.Build.0 = Debug|Any CPU
		{0FE44ED3-234E-4FA5-BA8D-6F89D8CAE706}.Release|Any CPU.ActiveCfg = Release|Any CPU
		{0FE44ED3-234E-4FA5-BA8D-6F89D8CAE706}.Release|Any CPU.Build.0 = Release|Any CPU
		{1E71AE6E-AF56-4B9A-835F-813095160C7D}.Debug|Any CPU.ActiveCfg = Debug|Any CPU
		{1E71AE6E-AF56-4B9A-835F-813095160C7D}.Debug|Any CPU.Build.0 = Debug|Any CPU
		{1E71AE6E-AF56-4B9A-835F-813095160C7D}.Release|Any CPU.ActiveCfg = Release|Any CPU
		{1E71AE6E-AF56-4B9A-835F-813095160C7D}.Release|Any CPU.Build.0 = Release|Any CPU
		{02E20EA8-882E-41C9-938A-587F3C0F19AE}.Debug|Any CPU.ActiveCfg = Debug|Any CPU
		{02E20EA8-882E-41C9-938A-587F3C0F19AE}.Debug|Any CPU.Build.0 = Debug|Any CPU
		{02E20EA8-882E-41C9-938A-587F3C0F19AE}.Release|Any CPU.ActiveCfg = Release|Any CPU
		{02E20EA8-882E-41C9-938A-587F3C0F19AE}.Release|Any CPU.Build.0 = Release|Any CPU
		{24BA6FC4-A99A-4F1D-939B-814AEA122672}.Debug|Any CPU.ActiveCfg = Debug|Any CPU
		{24BA6FC4-A99A-4F1D-939B-814AEA122672}.Debug|Any CPU.Build.0 = Debug|Any CPU
		{24BA6FC4-A99A-4F1D-939B-814AEA122672}.Release|Any CPU.ActiveCfg = Release|Any CPU
		{24BA6FC4-A99A-4F1D-939B-814AEA122672}.Release|Any CPU.Build.0 = Release|Any CPU
		{4FC222E1-DE85-407C-B01B-4C8F007BB4C5}.Debug|Any CPU.ActiveCfg = Debug|Any CPU
		{4FC222E1-DE85-407C-B01B-4C8F007BB4C5}.Debug|Any CPU.Build.0 = Debug|Any CPU
		{4FC222E1-DE85-407C-B01B-4C8F007BB4C5}.Release|Any CPU.ActiveCfg = Release|Any CPU
		{4FC222E1-DE85-407C-B01B-4C8F007BB4C5}.Release|Any CPU.Build.0 = Release|Any CPU
		{A14FB7BA-8DBC-45DE-B84F-00C9D9437389}.Debug|Any CPU.ActiveCfg = Debug|Any CPU
		{A14FB7BA-8DBC-45DE-B84F-00C9D9437389}.Debug|Any CPU.Build.0 = Debug|Any CPU
		{A14FB7BA-8DBC-45DE-B84F-00C9D9437389}.Release|Any CPU.ActiveCfg = Release|Any CPU
		{A14FB7BA-8DBC-45DE-B84F-00C9D9437389}.Release|Any CPU.Build.0 = Release|Any CPU
		{CCF6A7F9-6039-448B-9C52-CDE6E2A9B6D6}.Debug|Any CPU.ActiveCfg = Debug|Any CPU
		{CCF6A7F9-6039-448B-9C52-CDE6E2A9B6D6}.Debug|Any CPU.Build.0 = Debug|Any CPU
		{CCF6A7F9-6039-448B-9C52-CDE6E2A9B6D6}.Release|Any CPU.ActiveCfg = Release|Any CPU
		{CCF6A7F9-6039-448B-9C52-CDE6E2A9B6D6}.Release|Any CPU.Build.0 = Release|Any CPU
		{47935EE0-CB13-40FC-BD88-C9F3B634EDE1}.Debug|Any CPU.ActiveCfg = Debug|Any CPU
		{47935EE0-CB13-40FC-BD88-C9F3B634EDE1}.Debug|Any CPU.Build.0 = Debug|Any CPU
		{47935EE0-CB13-40FC-BD88-C9F3B634EDE1}.Release|Any CPU.ActiveCfg = Release|Any CPU
		{47935EE0-CB13-40FC-BD88-C9F3B634EDE1}.Release|Any CPU.Build.0 = Release|Any CPU
		{E76F0C51-ECEF-4C11-A076-51AD873DB8F9}.Debug|Any CPU.ActiveCfg = Debug|Any CPU
		{E76F0C51-ECEF-4C11-A076-51AD873DB8F9}.Debug|Any CPU.Build.0 = Debug|Any CPU
		{E76F0C51-ECEF-4C11-A076-51AD873DB8F9}.Release|Any CPU.ActiveCfg = Release|Any CPU
		{E76F0C51-ECEF-4C11-A076-51AD873DB8F9}.Release|Any CPU.Build.0 = Release|Any CPU
		{ED4370E8-4DE7-4BB1-B679-228620F28697}.Debug|Any CPU.ActiveCfg = Debug|Any CPU
		{ED4370E8-4DE7-4BB1-B679-228620F28697}.Debug|Any CPU.Build.0 = Debug|Any CPU
		{ED4370E8-4DE7-4BB1-B679-228620F28697}.Release|Any CPU.ActiveCfg = Release|Any CPU
		{ED4370E8-4DE7-4BB1-B679-228620F28697}.Release|Any CPU.Build.0 = Release|Any CPU
		{5753F11E-FFF1-4171-86A8-9505CA8930F7}.Debug|Any CPU.ActiveCfg = Debug|Any CPU
		{5753F11E-FFF1-4171-86A8-9505CA8930F7}.Debug|Any CPU.Build.0 = Debug|Any CPU
		{5753F11E-FFF1-4171-86A8-9505CA8930F7}.Release|Any CPU.ActiveCfg = Release|Any CPU
		{5753F11E-FFF1-4171-86A8-9505CA8930F7}.Release|Any CPU.Build.0 = Release|Any CPU
		{D9FD3AEF-57CE-40B9-9C6A-6EC5B13A89DA}.Debug|Any CPU.ActiveCfg = Debug|Any CPU
		{D9FD3AEF-57CE-40B9-9C6A-6EC5B13A89DA}.Debug|Any CPU.Build.0 = Debug|Any CPU
		{D9FD3AEF-57CE-40B9-9C6A-6EC5B13A89DA}.Release|Any CPU.ActiveCfg = Release|Any CPU
		{D9FD3AEF-57CE-40B9-9C6A-6EC5B13A89DA}.Release|Any CPU.Build.0 = Release|Any CPU
		{2F5BF40F-F6FD-403F-9373-1981EF7AB633}.Debug|Any CPU.ActiveCfg = Debug|Any CPU
		{2F5BF40F-F6FD-403F-9373-1981EF7AB633}.Debug|Any CPU.Build.0 = Debug|Any CPU
		{2F5BF40F-F6FD-403F-9373-1981EF7AB633}.Release|Any CPU.ActiveCfg = Release|Any CPU
		{2F5BF40F-F6FD-403F-9373-1981EF7AB633}.Release|Any CPU.Build.0 = Release|Any CPU
		{151AE3E0-9C86-491E-8057-E0E3F123A7EB}.Debug|Any CPU.ActiveCfg = Debug|Any CPU
		{151AE3E0-9C86-491E-8057-E0E3F123A7EB}.Debug|Any CPU.Build.0 = Debug|Any CPU
		{151AE3E0-9C86-491E-8057-E0E3F123A7EB}.Release|Any CPU.ActiveCfg = Release|Any CPU
		{151AE3E0-9C86-491E-8057-E0E3F123A7EB}.Release|Any CPU.Build.0 = Release|Any CPU
		{EB95F9A1-0773-4AEA-8005-813961A0481E}.Debug|Any CPU.ActiveCfg = Debug|Any CPU
		{EB95F9A1-0773-4AEA-8005-813961A0481E}.Debug|Any CPU.Build.0 = Debug|Any CPU
		{EB95F9A1-0773-4AEA-8005-813961A0481E}.Release|Any CPU.ActiveCfg = Release|Any CPU
		{EB95F9A1-0773-4AEA-8005-813961A0481E}.Release|Any CPU.Build.0 = Release|Any CPU
		{48CEB835-B509-4500-8BB1-36E39DD26DBF}.Debug|Any CPU.ActiveCfg = Debug|Any CPU
		{48CEB835-B509-4500-8BB1-36E39DD26DBF}.Debug|Any CPU.Build.0 = Debug|Any CPU
		{48CEB835-B509-4500-8BB1-36E39DD26DBF}.Release|Any CPU.ActiveCfg = Release|Any CPU
		{48CEB835-B509-4500-8BB1-36E39DD26DBF}.Release|Any CPU.Build.0 = Release|Any CPU
		{C9B19421-8C22-4A27-8760-73F9237299A4}.Debug|Any CPU.ActiveCfg = Debug|Any CPU
		{C9B19421-8C22-4A27-8760-73F9237299A4}.Debug|Any CPU.Build.0 = Debug|Any CPU
		{C9B19421-8C22-4A27-8760-73F9237299A4}.Release|Any CPU.ActiveCfg = Release|Any CPU
		{C9B19421-8C22-4A27-8760-73F9237299A4}.Release|Any CPU.Build.0 = Release|Any CPU
		{2628D639-C066-4D9F-B8A6-F5B82AE1BEE0}.Debug|Any CPU.ActiveCfg = Debug|Any CPU
		{2628D639-C066-4D9F-B8A6-F5B82AE1BEE0}.Debug|Any CPU.Build.0 = Debug|Any CPU
		{2628D639-C066-4D9F-B8A6-F5B82AE1BEE0}.Release|Any CPU.ActiveCfg = Release|Any CPU
		{2628D639-C066-4D9F-B8A6-F5B82AE1BEE0}.Release|Any CPU.Build.0 = Release|Any CPU
		{B61162CD-0FB3-42C3-BA66-74110DA1AB29}.Debug|Any CPU.ActiveCfg = Debug|Any CPU
		{B61162CD-0FB3-42C3-BA66-74110DA1AB29}.Debug|Any CPU.Build.0 = Debug|Any CPU
		{B61162CD-0FB3-42C3-BA66-74110DA1AB29}.Release|Any CPU.ActiveCfg = Release|Any CPU
		{B61162CD-0FB3-42C3-BA66-74110DA1AB29}.Release|Any CPU.Build.0 = Release|Any CPU
		{8F0DFABF-B95E-4BD0-8A53-712A0FCC803D}.Debug|Any CPU.ActiveCfg = Debug|Any CPU
		{8F0DFABF-B95E-4BD0-8A53-712A0FCC803D}.Debug|Any CPU.Build.0 = Debug|Any CPU
		{8F0DFABF-B95E-4BD0-8A53-712A0FCC803D}.Release|Any CPU.ActiveCfg = Release|Any CPU
		{8F0DFABF-B95E-4BD0-8A53-712A0FCC803D}.Release|Any CPU.Build.0 = Release|Any CPU
		{0D69F416-3985-4B91-9F56-D87CE15A502B}.Debug|Any CPU.ActiveCfg = Debug|Any CPU
		{0D69F416-3985-4B91-9F56-D87CE15A502B}.Debug|Any CPU.Build.0 = Debug|Any CPU
		{0D69F416-3985-4B91-9F56-D87CE15A502B}.Release|Any CPU.ActiveCfg = Release|Any CPU
		{0D69F416-3985-4B91-9F56-D87CE15A502B}.Release|Any CPU.Build.0 = Release|Any CPU
	EndGlobalSection
	GlobalSection(SolutionProperties) = preSolution
		HideSolutionNode = FALSE
	EndGlobalSection
EndGlobal
