
Microsoft Visual Studio Solution File, Format Version 12.00
# Visual Studio 2012
Project("{FAE04EC0-301F-11D3-BF4B-00C04F79EFBC}") = "01.OddEven", "03.Operators\01.OddEven.csproj", "{8BD9F659-6BAF-4486-B709-4C5619BC2CB2}"
EndProject
Project("{FAE04EC0-301F-11D3-BF4B-00C04F79EFBC}") = "02.Moon", "02.Moon\02.Moon.csproj", "{6948A452-1D7E-4F1A-88EA-DAD89EE46AD0}"
EndProject
Project("{FAE04EC0-301F-11D3-BF4B-00C04F79EFBC}") = "03.Div7and5", "03.Div7and5\03.Div7and5.csproj", "{E880FE0C-9D3F-41C2-985D-7CC3D89F1935}"
EndProject
Project("{FAE04EC0-301F-11D3-BF4B-00C04F79EFBC}") = "04.WidhtHeught", "04.WidhtHeught\04.WidhtHeught.csproj", "{6DFE9145-B56B-419E-90AE-6DFB1E0631E2}"
EndProject
Project("{FAE04EC0-301F-11D3-BF4B-00C04F79EFBC}") = "05.ThirdDigit", "05.ThirdDigit\05.ThirdDigit.csproj", "{E9CEB00A-8A65-4914-8D4C-4435841D72D1}"
EndProject
Project("{FAE04EC0-301F-11D3-BF4B-00C04F79EFBC}") = "06.FourDigit", "06.FourDigit\06.FourDigit.csproj", "{C2A433BB-DB95-487E-BFD6-0455E7E1975B}"
EndProject
Project("{FAE04EC0-301F-11D3-BF4B-00C04F79EFBC}") = "07.PoinInCircle", "07.PoinInCircle\07.PoinInCircle.csproj", "{1B238333-5B3A-4A1D-AC5A-C95797E7095A}"
EndProject
Project("{FAE04EC0-301F-11D3-BF4B-00C04F79EFBC}") = "08.Prime", "08.Prime\08.Prime.csproj", "{EF44AC34-972C-4C34-AF21-FEC5ADA1DF74}"
EndProject
Project("{FAE04EC0-301F-11D3-BF4B-00C04F79EFBC}") = "09.Trapezoids", "09.Trapezoids\09.Trapezoids.csproj", "{5E2A0310-CA9F-4CC2-8B66-1E72D956F5B6}"
EndProject
Project("{FAE04EC0-301F-11D3-BF4B-00C04F79EFBC}") = "10.PointIN", "10.PointIN\10.PointIN.csproj", "{94E17F2D-B163-4953-93F1-F030146D15C1}"
EndProject
Project("{FAE04EC0-301F-11D3-BF4B-00C04F79EFBC}") = "DotIn", "DotIn\DotIn.csproj", "{AB0E257E-F0F1-4F66-8739-AFF32CA96855}"
EndProject
Project("{FAE04EC0-301F-11D3-BF4B-00C04F79EFBC}") = "11.BitN3", "11.BitN3\11.BitN3.csproj", "{E857A78F-C331-43CF-99C2-5C5E870096C0}"
EndProject
Project("{FAE04EC0-301F-11D3-BF4B-00C04F79EFBC}") = "13.12..Bit@P", "12.Bit@P\13.12..Bit@P.csproj", "{FFFA4D2E-E6A1-461D-83BF-07DCE8A3A694}"
EndProject
Project("{FAE04EC0-301F-11D3-BF4B-00C04F79EFBC}") = "14.ModifyBit", "14.ModifyBit\14.ModifyBit.csproj", "{9E01816C-4A02-4215-979B-D9EBC7A02DC4}"
EndProject
Project("{FAE04EC0-301F-11D3-BF4B-00C04F79EFBC}") = "15.BitExchange", "15.BitExchange\15.BitExchange.csproj", "{2CA4EE68-2B3C-4184-B015-5F86ECB32CB6}"
EndProject
Project("{FAE04EC0-301F-11D3-BF4B-00C04F79EFBC}") = "16.bitChangeAdvance", "16.bitChangeAdvance\16.bitChangeAdvance.csproj", "{48A84EAE-C3D6-4707-8EE2-F3E376E2D39C}"
EndProject
Global
	GlobalSection(SolutionConfigurationPlatforms) = preSolution
		Debug|Any CPU = Debug|Any CPU
		Release|Any CPU = Release|Any CPU
	EndGlobalSection
	GlobalSection(ProjectConfigurationPlatforms) = postSolution
		{8BD9F659-6BAF-4486-B709-4C5619BC2CB2}.Debug|Any CPU.ActiveCfg = Debug|Any CPU
		{8BD9F659-6BAF-4486-B709-4C5619BC2CB2}.Debug|Any CPU.Build.0 = Debug|Any CPU
		{8BD9F659-6BAF-4486-B709-4C5619BC2CB2}.Release|Any CPU.ActiveCfg = Release|Any CPU
		{8BD9F659-6BAF-4486-B709-4C5619BC2CB2}.Release|Any CPU.Build.0 = Release|Any CPU
		{6948A452-1D7E-4F1A-88EA-DAD89EE46AD0}.Debug|Any CPU.ActiveCfg = Debug|Any CPU
		{6948A452-1D7E-4F1A-88EA-DAD89EE46AD0}.Debug|Any CPU.Build.0 = Debug|Any CPU
		{6948A452-1D7E-4F1A-88EA-DAD89EE46AD0}.Release|Any CPU.ActiveCfg = Release|Any CPU
		{6948A452-1D7E-4F1A-88EA-DAD89EE46AD0}.Release|Any CPU.Build.0 = Release|Any CPU
		{E880FE0C-9D3F-41C2-985D-7CC3D89F1935}.Debug|Any CPU.ActiveCfg = Debug|Any CPU
		{E880FE0C-9D3F-41C2-985D-7CC3D89F1935}.Debug|Any CPU.Build.0 = Debug|Any CPU
		{E880FE0C-9D3F-41C2-985D-7CC3D89F1935}.Release|Any CPU.ActiveCfg = Release|Any CPU
		{E880FE0C-9D3F-41C2-985D-7CC3D89F1935}.Release|Any CPU.Build.0 = Release|Any CPU
		{6DFE9145-B56B-419E-90AE-6DFB1E0631E2}.Debug|Any CPU.ActiveCfg = Debug|Any CPU
		{6DFE9145-B56B-419E-90AE-6DFB1E0631E2}.Debug|Any CPU.Build.0 = Debug|Any CPU
		{6DFE9145-B56B-419E-90AE-6DFB1E0631E2}.Release|Any CPU.ActiveCfg = Release|Any CPU
		{6DFE9145-B56B-419E-90AE-6DFB1E0631E2}.Release|Any CPU.Build.0 = Release|Any CPU
		{E9CEB00A-8A65-4914-8D4C-4435841D72D1}.Debug|Any CPU.ActiveCfg = Debug|Any CPU
		{E9CEB00A-8A65-4914-8D4C-4435841D72D1}.Debug|Any CPU.Build.0 = Debug|Any CPU
		{E9CEB00A-8A65-4914-8D4C-4435841D72D1}.Release|Any CPU.ActiveCfg = Release|Any CPU
		{E9CEB00A-8A65-4914-8D4C-4435841D72D1}.Release|Any CPU.Build.0 = Release|Any CPU
		{C2A433BB-DB95-487E-BFD6-0455E7E1975B}.Debug|Any CPU.ActiveCfg = Debug|Any CPU
		{C2A433BB-DB95-487E-BFD6-0455E7E1975B}.Debug|Any CPU.Build.0 = Debug|Any CPU
		{C2A433BB-DB95-487E-BFD6-0455E7E1975B}.Release|Any CPU.ActiveCfg = Release|Any CPU
		{C2A433BB-DB95-487E-BFD6-0455E7E1975B}.Release|Any CPU.Build.0 = Release|Any CPU
		{1B238333-5B3A-4A1D-AC5A-C95797E7095A}.Debug|Any CPU.ActiveCfg = Debug|Any CPU
		{1B238333-5B3A-4A1D-AC5A-C95797E7095A}.Debug|Any CPU.Build.0 = Debug|Any CPU
		{1B238333-5B3A-4A1D-AC5A-C95797E7095A}.Release|Any CPU.ActiveCfg = Release|Any CPU
		{1B238333-5B3A-4A1D-AC5A-C95797E7095A}.Release|Any CPU.Build.0 = Release|Any CPU
		{EF44AC34-972C-4C34-AF21-FEC5ADA1DF74}.Debug|Any CPU.ActiveCfg = Debug|Any CPU
		{EF44AC34-972C-4C34-AF21-FEC5ADA1DF74}.Debug|Any CPU.Build.0 = Debug|Any CPU
		{EF44AC34-972C-4C34-AF21-FEC5ADA1DF74}.Release|Any CPU.ActiveCfg = Release|Any CPU
		{EF44AC34-972C-4C34-AF21-FEC5ADA1DF74}.Release|Any CPU.Build.0 = Release|Any CPU
		{5E2A0310-CA9F-4CC2-8B66-1E72D956F5B6}.Debug|Any CPU.ActiveCfg = Debug|Any CPU
		{5E2A0310-CA9F-4CC2-8B66-1E72D956F5B6}.Debug|Any CPU.Build.0 = Debug|Any CPU
		{5E2A0310-CA9F-4CC2-8B66-1E72D956F5B6}.Release|Any CPU.ActiveCfg = Release|Any CPU
		{5E2A0310-CA9F-4CC2-8B66-1E72D956F5B6}.Release|Any CPU.Build.0 = Release|Any CPU
		{94E17F2D-B163-4953-93F1-F030146D15C1}.Debug|Any CPU.ActiveCfg = Debug|Any CPU
		{94E17F2D-B163-4953-93F1-F030146D15C1}.Debug|Any CPU.Build.0 = Debug|Any CPU
		{94E17F2D-B163-4953-93F1-F030146D15C1}.Release|Any CPU.ActiveCfg = Release|Any CPU
		{94E17F2D-B163-4953-93F1-F030146D15C1}.Release|Any CPU.Build.0 = Release|Any CPU
		{AB0E257E-F0F1-4F66-8739-AFF32CA96855}.Debug|Any CPU.ActiveCfg = Debug|Any CPU
		{AB0E257E-F0F1-4F66-8739-AFF32CA96855}.Debug|Any CPU.Build.0 = Debug|Any CPU
		{AB0E257E-F0F1-4F66-8739-AFF32CA96855}.Release|Any CPU.ActiveCfg = Release|Any CPU
		{AB0E257E-F0F1-4F66-8739-AFF32CA96855}.Release|Any CPU.Build.0 = Release|Any CPU
		{E857A78F-C331-43CF-99C2-5C5E870096C0}.Debug|Any CPU.ActiveCfg = Debug|Any CPU
		{E857A78F-C331-43CF-99C2-5C5E870096C0}.Debug|Any CPU.Build.0 = Debug|Any CPU
		{E857A78F-C331-43CF-99C2-5C5E870096C0}.Release|Any CPU.ActiveCfg = Release|Any CPU
		{E857A78F-C331-43CF-99C2-5C5E870096C0}.Release|Any CPU.Build.0 = Release|Any CPU
		{FFFA4D2E-E6A1-461D-83BF-07DCE8A3A694}.Debug|Any CPU.ActiveCfg = Debug|Any CPU
		{FFFA4D2E-E6A1-461D-83BF-07DCE8A3A694}.Debug|Any CPU.Build.0 = Debug|Any CPU
		{FFFA4D2E-E6A1-461D-83BF-07DCE8A3A694}.Release|Any CPU.ActiveCfg = Release|Any CPU
		{FFFA4D2E-E6A1-461D-83BF-07DCE8A3A694}.Release|Any CPU.Build.0 = Release|Any CPU
		{9E01816C-4A02-4215-979B-D9EBC7A02DC4}.Debug|Any CPU.ActiveCfg = Debug|Any CPU
		{9E01816C-4A02-4215-979B-D9EBC7A02DC4}.Debug|Any CPU.Build.0 = Debug|Any CPU
		{9E01816C-4A02-4215-979B-D9EBC7A02DC4}.Release|Any CPU.ActiveCfg = Release|Any CPU
		{9E01816C-4A02-4215-979B-D9EBC7A02DC4}.Release|Any CPU.Build.0 = Release|Any CPU
		{2CA4EE68-2B3C-4184-B015-5F86ECB32CB6}.Debug|Any CPU.ActiveCfg = Debug|Any CPU
		{2CA4EE68-2B3C-4184-B015-5F86ECB32CB6}.Debug|Any CPU.Build.0 = Debug|Any CPU
		{2CA4EE68-2B3C-4184-B015-5F86ECB32CB6}.Release|Any CPU.ActiveCfg = Release|Any CPU
		{2CA4EE68-2B3C-4184-B015-5F86ECB32CB6}.Release|Any CPU.Build.0 = Release|Any CPU
		{48A84EAE-C3D6-4707-8EE2-F3E376E2D39C}.Debug|Any CPU.ActiveCfg = Debug|Any CPU
		{48A84EAE-C3D6-4707-8EE2-F3E376E2D39C}.Debug|Any CPU.Build.0 = Debug|Any CPU
		{48A84EAE-C3D6-4707-8EE2-F3E376E2D39C}.Release|Any CPU.ActiveCfg = Release|Any CPU
		{48A84EAE-C3D6-4707-8EE2-F3E376E2D39C}.Release|Any CPU.Build.0 = Release|Any CPU
	EndGlobalSection
	GlobalSection(SolutionProperties) = preSolution
		HideSolutionNode = FALSE
	EndGlobalSection
EndGlobal
