
Microsoft Visual Studio Solution File, Format Version 12.00
# Visual Studio 2012
Project("{FAE04EC0-301F-11D3-BF4B-00C04F79EFBC}") = "DataTypes", "DataTypes\DataTypes.csproj", "{8BD9F659-6BAF-4486-B709-4C5619BC2CB2}"
EndProject
Project("{FAE04EC0-301F-11D3-BF4B-00C04F79EFBC}") = "01.Declare", "01.Declare\01.Declare.csproj", "{A55902D9-43F6-42B3-9696-665FBDF87EB5}"
EndProject
Project("{FAE04EC0-301F-11D3-BF4B-00C04F79EFBC}") = "02.FloarOrDouble", "02.FloarOrDouble\02.FloarOrDouble.csproj", "{D9F9D0BC-E982-4588-8C0E-49F09C810A65}"
EndProject
Project("{FAE04EC0-301F-11D3-BF4B-00C04F79EFBC}") = "03.CompareFloats", "03.CompareFloats\03.CompareFloats.csproj", "{B604137A-4075-4AFF-978B-5B24E4172DCF}"
EndProject
Project("{FAE04EC0-301F-11D3-BF4B-00C04F79EFBC}") = "04.hexFormat", "04.hexFormat\04.hexFormat.csproj", "{D011C67A-7E8E-4142-B278-1891D37C1044}"
EndProject
Project("{FAE04EC0-301F-11D3-BF4B-00C04F79EFBC}") = "05.Unicode", "05.Unicode\05.Unicode.csproj", "{6DC04859-9027-4B23-878A-B9580534B249}"
EndProject
Project("{FAE04EC0-301F-11D3-BF4B-00C04F79EFBC}") = "06.Bool", "06.Bool\06.Bool.csproj", "{F054D2E2-15E0-4509-821F-8AB9FE7073ED}"
EndProject
Project("{FAE04EC0-301F-11D3-BF4B-00C04F79EFBC}") = "07.StringObj", "07.StringObj\07.StringObj.csproj", "{506442F7-13A3-48DC-99AF-AC238A89E6D6}"
EndProject
Project("{FAE04EC0-301F-11D3-BF4B-00C04F79EFBC}") = "08.Quotes", "08.Quotes\08.Quotes.csproj", "{86D14607-188A-4D10-BBB7-FF85CD31D83E}"
EndProject
Project("{FAE04EC0-301F-11D3-BF4B-00C04F79EFBC}") = "09.CopyRight", "09.CopyRight\09.CopyRight.csproj", "{96C1729D-F3E0-4FC6-AD19-BAC0E02499A6}"
EndProject
Project("{FAE04EC0-301F-11D3-BF4B-00C04F79EFBC}") = "10.Exchange", "10.Exchange\10.Exchange.csproj", "{6482ABE6-D106-4794-8C26-4B7FE8CC0C52}"
EndProject
Project("{FAE04EC0-301F-11D3-BF4B-00C04F79EFBC}") = "11.Employee", "11.Employee\11.Employee.csproj", "{4E36E3EE-1689-4A4A-8F98-3EBB588AB48A}"
EndProject
Project("{FAE04EC0-301F-11D3-BF4B-00C04F79EFBC}") = "11A.Employee", "11A.Employee\11A.Employee.csproj", "{A8BF7247-F92F-408E-96CB-3F2386FE4AD0}"
EndProject
Project("{FAE04EC0-301F-11D3-BF4B-00C04F79EFBC}") = "12.BankAccount", "12.BankAccount\12.BankAccount.csproj", "{41C4701E-20FF-4097-BB80-D23F6510D961}"
EndProject
Project("{FAE04EC0-301F-11D3-BF4B-00C04F79EFBC}") = "12A.bankAccount", "12A.bankAccount\12A.bankAccount.csproj", "{EEA5232D-F798-463E-8E8F-146B027DDB50}"
EndProject
Project("{FAE04EC0-301F-11D3-BF4B-00C04F79EFBC}") = "13.Null", "13.Null\13.Null.csproj", "{1ADF6F4D-5A26-4AB9-9978-1829B4B39263}"
EndProject
Project("{FAE04EC0-301F-11D3-BF4B-00C04F79EFBC}") = "14.ASCII", "14.ASCII\14.ASCII.csproj", "{135377AB-1E3D-4BCA-9010-947428174F19}"
EndProject
Global
	GlobalSection(SolutionConfigurationPlatforms) = preSolution
		Debug|Any CPU = Debug|Any CPU
		Release|Any CPU = Release|Any CPU
	EndGlobalSection
	GlobalSection(ProjectConfigurationPlatforms) = postSolution
		{8BD9F659-6BAF-4486-B709-4C5619BC2CB2}.Debug|Any CPU.ActiveCfg = Debug|Any CPU
		{8BD9F659-6BAF-4486-B709-4C5619BC2CB2}.Debug|Any CPU.Build.0 = Debug|Any CPU
		{8BD9F659-6BAF-4486-B709-4C5619BC2CB2}.Release|Any CPU.ActiveCfg = Release|Any CPU
		{8BD9F659-6BAF-4486-B709-4C5619BC2CB2}.Release|Any CPU.Build.0 = Release|Any CPU
		{A55902D9-43F6-42B3-9696-665FBDF87EB5}.Debug|Any CPU.ActiveCfg = Debug|Any CPU
		{A55902D9-43F6-42B3-9696-665FBDF87EB5}.Debug|Any CPU.Build.0 = Debug|Any CPU
		{A55902D9-43F6-42B3-9696-665FBDF87EB5}.Release|Any CPU.ActiveCfg = Release|Any CPU
		{A55902D9-43F6-42B3-9696-665FBDF87EB5}.Release|Any CPU.Build.0 = Release|Any CPU
		{D9F9D0BC-E982-4588-8C0E-49F09C810A65}.Debug|Any CPU.ActiveCfg = Debug|Any CPU
		{D9F9D0BC-E982-4588-8C0E-49F09C810A65}.Debug|Any CPU.Build.0 = Debug|Any CPU
		{D9F9D0BC-E982-4588-8C0E-49F09C810A65}.Release|Any CPU.ActiveCfg = Release|Any CPU
		{D9F9D0BC-E982-4588-8C0E-49F09C810A65}.Release|Any CPU.Build.0 = Release|Any CPU
		{B604137A-4075-4AFF-978B-5B24E4172DCF}.Debug|Any CPU.ActiveCfg = Debug|Any CPU
		{B604137A-4075-4AFF-978B-5B24E4172DCF}.Debug|Any CPU.Build.0 = Debug|Any CPU
		{B604137A-4075-4AFF-978B-5B24E4172DCF}.Release|Any CPU.ActiveCfg = Release|Any CPU
		{B604137A-4075-4AFF-978B-5B24E4172DCF}.Release|Any CPU.Build.0 = Release|Any CPU
		{D011C67A-7E8E-4142-B278-1891D37C1044}.Debug|Any CPU.ActiveCfg = Debug|Any CPU
		{D011C67A-7E8E-4142-B278-1891D37C1044}.Debug|Any CPU.Build.0 = Debug|Any CPU
		{D011C67A-7E8E-4142-B278-1891D37C1044}.Release|Any CPU.ActiveCfg = Release|Any CPU
		{D011C67A-7E8E-4142-B278-1891D37C1044}.Release|Any CPU.Build.0 = Release|Any CPU
		{6DC04859-9027-4B23-878A-B9580534B249}.Debug|Any CPU.ActiveCfg = Debug|Any CPU
		{6DC04859-9027-4B23-878A-B9580534B249}.Debug|Any CPU.Build.0 = Debug|Any CPU
		{6DC04859-9027-4B23-878A-B9580534B249}.Release|Any CPU.ActiveCfg = Release|Any CPU
		{6DC04859-9027-4B23-878A-B9580534B249}.Release|Any CPU.Build.0 = Release|Any CPU
		{F054D2E2-15E0-4509-821F-8AB9FE7073ED}.Debug|Any CPU.ActiveCfg = Debug|Any CPU
		{F054D2E2-15E0-4509-821F-8AB9FE7073ED}.Debug|Any CPU.Build.0 = Debug|Any CPU
		{F054D2E2-15E0-4509-821F-8AB9FE7073ED}.Release|Any CPU.ActiveCfg = Release|Any CPU
		{F054D2E2-15E0-4509-821F-8AB9FE7073ED}.Release|Any CPU.Build.0 = Release|Any CPU
		{506442F7-13A3-48DC-99AF-AC238A89E6D6}.Debug|Any CPU.ActiveCfg = Debug|Any CPU
		{506442F7-13A3-48DC-99AF-AC238A89E6D6}.Debug|Any CPU.Build.0 = Debug|Any CPU
		{506442F7-13A3-48DC-99AF-AC238A89E6D6}.Release|Any CPU.ActiveCfg = Release|Any CPU
		{506442F7-13A3-48DC-99AF-AC238A89E6D6}.Release|Any CPU.Build.0 = Release|Any CPU
		{86D14607-188A-4D10-BBB7-FF85CD31D83E}.Debug|Any CPU.ActiveCfg = Debug|Any CPU
		{86D14607-188A-4D10-BBB7-FF85CD31D83E}.Debug|Any CPU.Build.0 = Debug|Any CPU
		{86D14607-188A-4D10-BBB7-FF85CD31D83E}.Release|Any CPU.ActiveCfg = Release|Any CPU
		{86D14607-188A-4D10-BBB7-FF85CD31D83E}.Release|Any CPU.Build.0 = Release|Any CPU
		{96C1729D-F3E0-4FC6-AD19-BAC0E02499A6}.Debug|Any CPU.ActiveCfg = Debug|Any CPU
		{96C1729D-F3E0-4FC6-AD19-BAC0E02499A6}.Debug|Any CPU.Build.0 = Debug|Any CPU
		{96C1729D-F3E0-4FC6-AD19-BAC0E02499A6}.Release|Any CPU.ActiveCfg = Release|Any CPU
		{96C1729D-F3E0-4FC6-AD19-BAC0E02499A6}.Release|Any CPU.Build.0 = Release|Any CPU
		{6482ABE6-D106-4794-8C26-4B7FE8CC0C52}.Debug|Any CPU.ActiveCfg = Debug|Any CPU
		{6482ABE6-D106-4794-8C26-4B7FE8CC0C52}.Debug|Any CPU.Build.0 = Debug|Any CPU
		{6482ABE6-D106-4794-8C26-4B7FE8CC0C52}.Release|Any CPU.ActiveCfg = Release|Any CPU
		{6482ABE6-D106-4794-8C26-4B7FE8CC0C52}.Release|Any CPU.Build.0 = Release|Any CPU
		{4E36E3EE-1689-4A4A-8F98-3EBB588AB48A}.Debug|Any CPU.ActiveCfg = Debug|Any CPU
		{4E36E3EE-1689-4A4A-8F98-3EBB588AB48A}.Debug|Any CPU.Build.0 = Debug|Any CPU
		{4E36E3EE-1689-4A4A-8F98-3EBB588AB48A}.Release|Any CPU.ActiveCfg = Release|Any CPU
		{4E36E3EE-1689-4A4A-8F98-3EBB588AB48A}.Release|Any CPU.Build.0 = Release|Any CPU
		{A8BF7247-F92F-408E-96CB-3F2386FE4AD0}.Debug|Any CPU.ActiveCfg = Debug|Any CPU
		{A8BF7247-F92F-408E-96CB-3F2386FE4AD0}.Debug|Any CPU.Build.0 = Debug|Any CPU
		{A8BF7247-F92F-408E-96CB-3F2386FE4AD0}.Release|Any CPU.ActiveCfg = Release|Any CPU
		{A8BF7247-F92F-408E-96CB-3F2386FE4AD0}.Release|Any CPU.Build.0 = Release|Any CPU
		{41C4701E-20FF-4097-BB80-D23F6510D961}.Debug|Any CPU.ActiveCfg = Debug|Any CPU
		{41C4701E-20FF-4097-BB80-D23F6510D961}.Debug|Any CPU.Build.0 = Debug|Any CPU
		{41C4701E-20FF-4097-BB80-D23F6510D961}.Release|Any CPU.ActiveCfg = Release|Any CPU
		{41C4701E-20FF-4097-BB80-D23F6510D961}.Release|Any CPU.Build.0 = Release|Any CPU
		{EEA5232D-F798-463E-8E8F-146B027DDB50}.Debug|Any CPU.ActiveCfg = Debug|Any CPU
		{EEA5232D-F798-463E-8E8F-146B027DDB50}.Debug|Any CPU.Build.0 = Debug|Any CPU
		{EEA5232D-F798-463E-8E8F-146B027DDB50}.Release|Any CPU.ActiveCfg = Release|Any CPU
		{EEA5232D-F798-463E-8E8F-146B027DDB50}.Release|Any CPU.Build.0 = Release|Any CPU
		{1ADF6F4D-5A26-4AB9-9978-1829B4B39263}.Debug|Any CPU.ActiveCfg = Debug|Any CPU
		{1ADF6F4D-5A26-4AB9-9978-1829B4B39263}.Debug|Any CPU.Build.0 = Debug|Any CPU
		{1ADF6F4D-5A26-4AB9-9978-1829B4B39263}.Release|Any CPU.ActiveCfg = Release|Any CPU
		{1ADF6F4D-5A26-4AB9-9978-1829B4B39263}.Release|Any CPU.Build.0 = Release|Any CPU
		{135377AB-1E3D-4BCA-9010-947428174F19}.Debug|Any CPU.ActiveCfg = Debug|Any CPU
		{135377AB-1E3D-4BCA-9010-947428174F19}.Debug|Any CPU.Build.0 = Debug|Any CPU
		{135377AB-1E3D-4BCA-9010-947428174F19}.Release|Any CPU.ActiveCfg = Release|Any CPU
		{135377AB-1E3D-4BCA-9010-947428174F19}.Release|Any CPU.Build.0 = Release|Any CPU
	EndGlobalSection
	GlobalSection(SolutionProperties) = preSolution
		HideSolutionNode = FALSE
	EndGlobalSection
EndGlobal
